
Microsoft Visual Studio Solution File, Format Version 12.00
# Visual Studio 15
VisualStudioVersion = 15.0.27108.1
MinimumVisualStudioVersion = 10.0.40219.1
Project("{9A19103F-16F7-4668-BE54-9A1E7A4F7556}") = "BenchmarkDb", "BenchmarkDb\BenchmarkDb.csproj", "{7FA56803-EFBD-4028-8067-33F9608E7821}"
EndProject
Global
	GlobalSection(SolutionConfigurationPlatforms) = preSolution
		Debug|Any CPU = Debug|Any CPU
		Release|Any CPU = Release|Any CPU
	EndGlobalSection
	GlobalSection(ProjectConfigurationPlatforms) = postSolution
		{7FA56803-EFBD-4028-8067-33F9608E7821}.Debug|Any CPU.ActiveCfg = Debug|Any CPU
		{7FA56803-EFBD-4028-8067-33F9608E7821}.Debug|Any CPU.Build.0 = Debug|Any CPU
		{7FA56803-EFBD-4028-8067-33F9608E7821}.Release|Any CPU.ActiveCfg = Release|Any CPU
		{7FA56803-EFBD-4028-8067-33F9608E7821}.Release|Any CPU.Build.0 = Release|Any CPU
	EndGlobalSection
	GlobalSection(SolutionProperties) = preSolution
		HideSolutionNode = FALSE
	EndGlobalSection
	GlobalSection(ExtensibilityGlobals) = postSolution
		SolutionGuid = {29C6A361-AEF7-4B3C-BD61-6225B47CBF91}
	EndGlobalSection
EndGlobal
